
Microsoft Visual Studio Solution File, Format Version 12.00
# Visual Studio Version 16
VisualStudioVersion = 16.0.33920.266
MinimumVisualStudioVersion = 10.0.40219.1
Project("{00D1A9C2-B5F0-4AF3-8072-F6C62B433612}") = "CICD_DB", "CICD_DB.sqlproj", "{BE9469AF-5FE8-43BF-AE5D-4E6629F58154}"
EndProject
Global
	GlobalSection(SolutionConfigurationPlatforms) = preSolution
		Debug|Any CPU = Debug|Any CPU
		Release|Any CPU = Release|Any CPU
	EndGlobalSection
	GlobalSection(ProjectConfigurationPlatforms) = postSolution
		{BE9469AF-5FE8-43BF-AE5D-4E6629F58154}.Debug|Any CPU.ActiveCfg = Debug|Any CPU
		{BE9469AF-5FE8-43BF-AE5D-4E6629F58154}.Debug|Any CPU.Build.0 = Debug|Any CPU
		{BE9469AF-5FE8-43BF-AE5D-4E6629F58154}.Debug|Any CPU.Deploy.0 = Debug|Any CPU
		{BE9469AF-5FE8-43BF-AE5D-4E6629F58154}.Release|Any CPU.ActiveCfg = Release|Any CPU
		{BE9469AF-5FE8-43BF-AE5D-4E6629F58154}.Release|Any CPU.Build.0 = Release|Any CPU
		{BE9469AF-5FE8-43BF-AE5D-4E6629F58154}.Release|Any CPU.Deploy.0 = Release|Any CPU
	EndGlobalSection
	GlobalSection(SolutionProperties) = preSolution
		HideSolutionNode = FALSE
	EndGlobalSection
	GlobalSection(ExtensibilityGlobals) = postSolution
		SolutionGuid = {F1821066-E53C-4C5C-8BD5-B1674F8CEC2A}
	EndGlobalSection
EndGlobal
